
Microsoft Visual Studio Solution File, Format Version 12.00
# Visual Studio Version 17
VisualStudioVersion = 17.4.33205.214
MinimumVisualStudioVersion = 10.0.40219.1
Project("{FAE04EC0-301F-11D3-BF4B-00C04F79EFBC}") = "bilgi yarışması", "bilgi yarışması\bilgi yarışması.csproj", "{FE5CCE26-1C73-4B45-A731-9FA386DD86F1}"
EndProject
Global
	GlobalSection(SolutionConfigurationPlatforms) = preSolution
		Debug|Any CPU = Debug|Any CPU
		Release|Any CPU = Release|Any CPU
	EndGlobalSection
	GlobalSection(ProjectConfigurationPlatforms) = postSolution
		{FE5CCE26-1C73-4B45-A731-9FA386DD86F1}.Debug|Any CPU.ActiveCfg = Debug|Any CPU
		{FE5CCE26-1C73-4B45-A731-9FA386DD86F1}.Debug|Any CPU.Build.0 = Debug|Any CPU
		{FE5CCE26-1C73-4B45-A731-9FA386DD86F1}.Release|Any CPU.ActiveCfg = Release|Any CPU
		{FE5CCE26-1C73-4B45-A731-9FA386DD86F1}.Release|Any CPU.Build.0 = Release|Any CPU
	EndGlobalSection
	GlobalSection(SolutionProperties) = preSolution
		HideSolutionNode = FALSE
	EndGlobalSection
	GlobalSection(ExtensibilityGlobals) = postSolution
		SolutionGuid = {102E2E75-2063-4177-B014-6AE9D6554C8B}
	EndGlobalSection
EndGlobal
